{
  "name": "Web-Components",
  "lockfileVersion": 2,
  "requires": true,
  "packages": {
    "": {
      "dependencies": {
        "@softwareag/dlt": "^22.1.4"
      }
    },
    "node_modules/@chenfengyuan/datepicker": {
      "version": "1.0.10",
      "resolved": "https://registry.npmjs.org/@chenfengyuan/datepicker/-/datepicker-1.0.10.tgz",
      "integrity": "sha512-w016ygdUgBY6hhV7HFKRy2DeSiRPPczekA6FJfIpmqQYh5leKne4WvW/YWOCY1xrQVvamdLyhMhbsn8vN5iQAg==",
      "peerDependencies": {
        "jquery": ">=1.9.1"
      }
    },
    "node_modules/@popperjs/core": {
      "version": "2.11.6",
      "resolved": "https://registry.npmjs.org/@popperjs/core/-/core-2.11.6.tgz",
      "integrity": "sha512-50/17A98tWUfQ176raKiOGXuYpLyyVMkxxG6oylzL3BPOlA6ADGdK7EYunSa4I064xerltq9TGXs8HmOk5E+vw==",
      "peer": true,
      "funding": {
        "type": "opencollective",
        "url": "https://opencollective.com/popperjs"
      }
    },
    "node_modules/@softwareag/dlt": {
      "version": "22.1.4",
      "resolved": "https://bas.eur.ad.sag:443/artifactory/api/npm/npm-milestone-local/@softwareag/dlt/-/@softwareag/dlt-22.1.4.tgz",
      "integrity": "sha1-T4Mv3dzCIppmIN3QK6uiIbNM1rI=",
      "license": "Apache-2.0",
      "dependencies": {
        "@softwareag/dlt-components": "=2.4.5",
        "@softwareag/dlt-fonts": "=1.1.1",
        "@softwareag/dlt-icons": "=1.3.2",
        "@softwareag/dlt-tokens": "=2.1.1"
      }
    },
    "node_modules/@softwareag/dlt-components": {
      "version": "2.4.5",
      "resolved": "https://bas.eur.ad.sag:443/artifactory/api/npm/npm-milestone-local/@softwareag/dlt-components/-/@softwareag/dlt-components-2.4.5.tgz",
      "integrity": "sha1-fBXMS+isiUGnm7c0UhQnbOIOohY=",
      "license": "Apache-2.0",
      "dependencies": {
        "@chenfengyuan/datepicker": "=1.0.10",
        "@softwareag/dlt-fonts": "=1.1.1",
        "@softwareag/dlt-icons": "=1.3.2",
        "@softwareag/dlt-tokens": "=2.1.1",
        "malihu-custom-scrollbar-plugin": "=3.1.5",
        "timepicker": "=1.14.0"
      },
      "engines": {
        "node": "^14.18.1 || ^16.13",
        "npm": "^6.14.15 || ^8.1"
      },
      "peerDependencies": {
        "@popperjs/core": "=2.11.6",
        "bootstrap": "=5.2.1",
        "jquery": "=3.6.1"
      }
    },
    "node_modules/@softwareag/dlt-fonts": {
      "version": "1.1.1",
      "resolved": "https://bas.eur.ad.sag:443/artifactory/api/npm/npm-milestone-local/@softwareag/dlt-fonts/-/@softwareag/dlt-fonts-1.1.1.tgz",
      "integrity": "sha1-NnQTWJu+j3CfGdEs6UOlUDOujBA=",
      "license": "Apache-2.0"
    },
    "node_modules/@softwareag/dlt-icons": {
      "version": "1.3.2",
      "resolved": "https://bas.eur.ad.sag:443/artifactory/api/npm/npm-milestone-local/@softwareag/dlt-icons/-/@softwareag/dlt-icons-1.3.2.tgz",
      "integrity": "sha1-FaeMOOvwGEAaFisK7fmDwELsndo=",
      "license": "Apache-2.0"
    },
    "node_modules/@softwareag/dlt-tokens": {
      "version": "2.1.1",
      "resolved": "https://bas.eur.ad.sag:443/artifactory/api/npm/npm-milestone-local/@softwareag/dlt-tokens/-/@softwareag/dlt-tokens-2.1.1.tgz",
      "integrity": "sha1-4pasu0Nkpt30+ppPa1un2vIauH4=",
      "license": "Apache-2.0"
    },
    "node_modules/bootstrap": {
      "version": "5.2.1",
      "resolved": "https://registry.npmjs.org/bootstrap/-/bootstrap-5.2.1.tgz",
      "integrity": "sha512-UQi3v2NpVPEi1n35dmRRzBJFlgvWHYwyem6yHhuT6afYF+sziEt46McRbT//kVXZ7b1YUYEVGdXEH74Nx3xzGA==",
      "funding": [
        {
          "type": "github",
          "url": "https://github.com/sponsors/twbs"
        },
        {
          "type": "opencollective",
          "url": "https://opencollective.com/bootstrap"
        }
      ],
      "peer": true,
      "peerDependencies": {
        "@popperjs/core": "^2.11.6"
      }
    },
    "node_modules/jquery": {
      "version": "3.6.1",
      "resolved": "https://registry.npmjs.org/jquery/-/jquery-3.6.1.tgz",
      "integrity": "sha512-opJeO4nCucVnsjiXOE+/PcCgYw9Gwpvs/a6B1LL/lQhwWwpbVEVYDZ1FokFr8PRc7ghYlrFPuyHuiiDNTQxmcw=="
    },
    "node_modules/jquery-mousewheel": {
      "version": "3.1.13",
      "resolved": "https://registry.npmjs.org/jquery-mousewheel/-/jquery-mousewheel-3.1.13.tgz",
      "integrity": "sha512-GXhSjfOPyDemM005YCEHvzrEALhKDIswtxSHSR2e4K/suHVJKJxxRCGz3skPjNxjJjQa9AVSGGlYjv1M3VLIPg=="
    },
    "node_modules/malihu-custom-scrollbar-plugin": {
      "version": "3.1.5",
      "resolved": "https://registry.npmjs.org/malihu-custom-scrollbar-plugin/-/malihu-custom-scrollbar-plugin-3.1.5.tgz",
      "integrity": "sha512-lwW3LgI+CNDMPnP4ED2la6oYxWMkCXlnhex+s2wuOLhFDFGnGmQuTQVdRK9bvDLpxs10sGlfErVufJy9ztfgJQ==",
      "dependencies": {
        "jquery-mousewheel": ">=3.0.6"
      }
    },
    "node_modules/timepicker": {
      "version": "1.14.0",
      "resolved": "https://registry.npmjs.org/timepicker/-/timepicker-1.14.0.tgz",
      "integrity": "sha512-j0hZSOWq8oRF0BImnccfb3XzWufFeRlM0KdYy58xpnmVWCNVLvVrJUZXKjd62mYggefUdxe+sSHKtOoUtB6elA==",
      "dependencies": {
        "jquery": "^3.5.1"
      }
    }
  },
  "dependencies": {
    "@chenfengyuan/datepicker": {
      "version": "1.0.10",
      "resolved": "https://registry.npmjs.org/@chenfengyuan/datepicker/-/datepicker-1.0.10.tgz",
      "integrity": "sha512-w016ygdUgBY6hhV7HFKRy2DeSiRPPczekA6FJfIpmqQYh5leKne4WvW/YWOCY1xrQVvamdLyhMhbsn8vN5iQAg==",
      "requires": {}
    },
    "@popperjs/core": {
      "version": "2.11.6",
      "resolved": "https://registry.npmjs.org/@popperjs/core/-/core-2.11.6.tgz",
      "integrity": "sha512-50/17A98tWUfQ176raKiOGXuYpLyyVMkxxG6oylzL3BPOlA6ADGdK7EYunSa4I064xerltq9TGXs8HmOk5E+vw==",
      "peer": true
    },
    "@softwareag/dlt": {
      "version": "22.1.4",
      "resolved": "https://bas.eur.ad.sag:443/artifactory/api/npm/npm-milestone-local/@softwareag/dlt/-/@softwareag/dlt-22.1.4.tgz",
      "integrity": "sha1-T4Mv3dzCIppmIN3QK6uiIbNM1rI=",
      "requires": {
        "@softwareag/dlt-components": "=2.4.5",
        "@softwareag/dlt-fonts": "=1.1.1",
        "@softwareag/dlt-icons": "=1.3.2",
        "@softwareag/dlt-tokens": "=2.1.1"
      }
    },
    "@softwareag/dlt-components": {
      "version": "2.4.5",
      "resolved": "https://bas.eur.ad.sag:443/artifactory/api/npm/npm-milestone-local/@softwareag/dlt-components/-/@softwareag/dlt-components-2.4.5.tgz",
      "integrity": "sha1-fBXMS+isiUGnm7c0UhQnbOIOohY=",
      "requires": {
        "@chenfengyuan/datepicker": "=1.0.10",
        "@softwareag/dlt-fonts": "=1.1.1",
        "@softwareag/dlt-icons": "=1.3.2",
        "@softwareag/dlt-tokens": "=2.1.1",
        "malihu-custom-scrollbar-plugin": "=3.1.5",
        "timepicker": "=1.14.0"
      }
    },
    "@softwareag/dlt-fonts": {
      "version": "1.1.1",
      "resolved": "https://bas.eur.ad.sag:443/artifactory/api/npm/npm-milestone-local/@softwareag/dlt-fonts/-/@softwareag/dlt-fonts-1.1.1.tgz",
      "integrity": "sha1-NnQTWJu+j3CfGdEs6UOlUDOujBA="
    },
    "@softwareag/dlt-icons": {
      "version": "1.3.2",
      "resolved": "https://bas.eur.ad.sag:443/artifactory/api/npm/npm-milestone-local/@softwareag/dlt-icons/-/@softwareag/dlt-icons-1.3.2.tgz",
      "integrity": "sha1-FaeMOOvwGEAaFisK7fmDwELsndo="
    },
    "@softwareag/dlt-tokens": {
      "version": "2.1.1",
      "resolved": "https://bas.eur.ad.sag:443/artifactory/api/npm/npm-milestone-local/@softwareag/dlt-tokens/-/@softwareag/dlt-tokens-2.1.1.tgz",
      "integrity": "sha1-4pasu0Nkpt30+ppPa1un2vIauH4="
    },
    "bootstrap": {
      "version": "5.2.1",
      "resolved": "https://registry.npmjs.org/bootstrap/-/bootstrap-5.2.1.tgz",
      "integrity": "sha512-UQi3v2NpVPEi1n35dmRRzBJFlgvWHYwyem6yHhuT6afYF+sziEt46McRbT//kVXZ7b1YUYEVGdXEH74Nx3xzGA==",
      "peer": true,
      "requires": {}
    },
    "jquery": {
      "version": "3.6.1",
      "resolved": "https://registry.npmjs.org/jquery/-/jquery-3.6.1.tgz",
      "integrity": "sha512-opJeO4nCucVnsjiXOE+/PcCgYw9Gwpvs/a6B1LL/lQhwWwpbVEVYDZ1FokFr8PRc7ghYlrFPuyHuiiDNTQxmcw=="
    },
    "jquery-mousewheel": {
      "version": "3.1.13",
      "resolved": "https://registry.npmjs.org/jquery-mousewheel/-/jquery-mousewheel-3.1.13.tgz",
      "integrity": "sha512-GXhSjfOPyDemM005YCEHvzrEALhKDIswtxSHSR2e4K/suHVJKJxxRCGz3skPjNxjJjQa9AVSGGlYjv1M3VLIPg=="
    },
    "malihu-custom-scrollbar-plugin": {
      "version": "3.1.5",
      "resolved": "https://registry.npmjs.org/malihu-custom-scrollbar-plugin/-/malihu-custom-scrollbar-plugin-3.1.5.tgz",
      "integrity": "sha512-lwW3LgI+CNDMPnP4ED2la6oYxWMkCXlnhex+s2wuOLhFDFGnGmQuTQVdRK9bvDLpxs10sGlfErVufJy9ztfgJQ==",
      "requires": {
        "jquery-mousewheel": ">=3.0.6"
      }
    },
    "timepicker": {
      "version": "1.14.0",
      "resolved": "https://registry.npmjs.org/timepicker/-/timepicker-1.14.0.tgz",
      "integrity": "sha512-j0hZSOWq8oRF0BImnccfb3XzWufFeRlM0KdYy58xpnmVWCNVLvVrJUZXKjd62mYggefUdxe+sSHKtOoUtB6elA==",
      "requires": {
        "jquery": "^3.5.1"
      }
    }
  }
}
